// !$*UTF8*$!
{
	archiveVersion = 1;
	classes = {
	};
	objectVersion = 55;
	objects = {

/* Begin PBXBuildFile section */
		023B619228911C92007D6BCD /* AppDelegate.swift in Sources */ = {isa = PBXBuildFile; fileRef = 023B619128911C92007D6BCD /* AppDelegate.swift */; };
		023B619428911C92007D6BCD /* SceneDelegate.swift in Sources */ = {isa = PBXBuildFile; fileRef = 023B619328911C92007D6BCD /* SceneDelegate.swift */; };
		023B619628911C92007D6BCD /* ViewController.swift in Sources */ = {isa = PBXBuildFile; fileRef = 023B619528911C92007D6BCD /* ViewController.swift */; };
		023B619928911C92007D6BCD /* Main.storyboard in Resources */ = {isa = PBXBuildFile; fileRef = 023B619728911C92007D6BCD /* Main.storyboard */; };
		023B619B28911C92007D6BCD /* Assets.xcassets in Resources */ = {isa = PBXBuildFile; fileRef = 023B619A28911C92007D6BCD /* Assets.xcassets */; };
		023B619E28911C92007D6BCD /* LaunchScreen.storyboard in Resources */ = {isa = PBXBuildFile; fileRef = 023B619C28911C92007D6BCD /* LaunchScreen.storyboard */; };
		02652E862892D70C0073A241 /* ThousandsSeparatorExtension.swift in Sources */ = {isa = PBXBuildFile; fileRef = 02652E852892D70C0073A241 /* ThousandsSeparatorExtension.swift */; };
		0295D2162891244F00F31B38 /* Fund.swift in Sources */ = {isa = PBXBuildFile; fileRef = 0295D2152891244F00F31B38 /* Fund.swift */; };
		0295D21828912B4200F31B38 /* Converter.swift in Sources */ = {isa = PBXBuildFile; fileRef = 0295D21728912B4200F31B38 /* Converter.swift */; };
		0295D21A28918C8600F31B38 /* MockFundsContainer.swift in Sources */ = {isa = PBXBuildFile; fileRef = 0295D21928918C8600F31B38 /* MockFundsContainer.swift */; };
		0295D21C28928F1B00F31B38 /* FundsOverviewViewController.swift in Sources */ = {isa = PBXBuildFile; fileRef = 0295D21B28928F1B00F31B38 /* FundsOverviewViewController.swift */; };
		0295D21E28929B7800F31B38 /* FundsTypeTableViewCell.swift in Sources */ = {isa = PBXBuildFile; fileRef = 0295D21D28929B7800F31B38 /* FundsTypeTableViewCell.swift */; };
		0295D2202892CA4500F31B38 /* HeaderFundsTypeTableViewCell.swift in Sources */ = {isa = PBXBuildFile; fileRef = 0295D21F2892CA4500F31B38 /* HeaderFundsTypeTableViewCell.swift */; };
		094E3C802895D24100C2E6E7 /* AddFundViewController.swift in Sources */ = {isa = PBXBuildFile; fileRef = 094E3C7F2895D24100C2E6E7 /* AddFundViewController.swift */; };
		096047A72891345000DCB67F /* FundDetails.storyboard in Resources */ = {isa = PBXBuildFile; fileRef = 096047A62891345000DCB67F /* FundDetails.storyboard */; };
		096047AA28913C5B00DCB67F /* FundDetailsViewController.swift in Sources */ = {isa = PBXBuildFile; fileRef = 096047A928913C5B00DCB67F /* FundDetailsViewController.swift */; };
		096047AC2891421C00DCB67F /* DataStore.swift in Sources */ = {isa = PBXBuildFile; fileRef = 096047AB2891421C00DCB67F /* DataStore.swift */; };
		096047AF2891650100DCB67F /* GetFundsExtension.swift in Sources */ = {isa = PBXBuildFile; fileRef = 096047AE2891650100DCB67F /* GetFundsExtension.swift */; };
		09D728F12893E630008D685B /* FundDetailsTableViewCell.swift in Sources */ = {isa = PBXBuildFile; fileRef = 09D728F02893E630008D685B /* FundDetailsTableViewCell.swift */; };
/* End PBXBuildFile section */

/* Begin PBXFileReference section */
		023B618E28911C92007D6BCD /* HomeWorkFor2.13Lesson(Wallet).app */ = {isa = PBXFileReference; explicitFileType = wrapper.application; includeInIndex = 0; path = "HomeWorkFor2.13Lesson(Wallet).app"; sourceTree = BUILT_PRODUCTS_DIR; };
		023B619128911C92007D6BCD /* AppDelegate.swift */ = {isa = PBXFileReference; lastKnownFileType = sourcecode.swift; path = AppDelegate.swift; sourceTree = "<group>"; };
		023B619328911C92007D6BCD /* SceneDelegate.swift */ = {isa = PBXFileReference; lastKnownFileType = sourcecode.swift; path = SceneDelegate.swift; sourceTree = "<group>"; };
		023B619528911C92007D6BCD /* ViewController.swift */ = {isa = PBXFileReference; lastKnownFileType = sourcecode.swift; path = ViewController.swift; sourceTree = "<group>"; };
		023B619828911C92007D6BCD /* Base */ = {isa = PBXFileReference; lastKnownFileType = file.storyboard; name = Base; path = Base.lproj/Main.storyboard; sourceTree = "<group>"; };
		023B619A28911C92007D6BCD /* Assets.xcassets */ = {isa = PBXFileReference; lastKnownFileType = folder.assetcatalog; path = Assets.xcassets; sourceTree = "<group>"; };
		023B619D28911C92007D6BCD /* Base */ = {isa = PBXFileReference; lastKnownFileType = file.storyboard; name = Base; path = Base.lproj/LaunchScreen.storyboard; sourceTree = "<group>"; };
		023B619F28911C92007D6BCD /* Info.plist */ = {isa = PBXFileReference; lastKnownFileType = text.plist.xml; path = Info.plist; sourceTree = "<group>"; };
		02652E852892D70C0073A241 /* ThousandsSeparatorExtension.swift */ = {isa = PBXFileReference; lastKnownFileType = sourcecode.swift; path = ThousandsSeparatorExtension.swift; sourceTree = "<group>"; };
		0295D2152891244F00F31B38 /* Fund.swift */ = {isa = PBXFileReference; lastKnownFileType = sourcecode.swift; path = Fund.swift; sourceTree = "<group>"; };
		0295D21728912B4200F31B38 /* Converter.swift */ = {isa = PBXFileReference; lastKnownFileType = sourcecode.swift; path = Converter.swift; sourceTree = "<group>"; };
		0295D21928918C8600F31B38 /* MockFundsContainer.swift */ = {isa = PBXFileReference; lastKnownFileType = sourcecode.swift; path = MockFundsContainer.swift; sourceTree = "<group>"; };
		0295D21B28928F1B00F31B38 /* FundsOverviewViewController.swift */ = {isa = PBXFileReference; lastKnownFileType = sourcecode.swift; path = FundsOverviewViewController.swift; sourceTree = "<group>"; };
		0295D21D28929B7800F31B38 /* FundsTypeTableViewCell.swift */ = {isa = PBXFileReference; lastKnownFileType = sourcecode.swift; name = FundsTypeTableViewCell.swift; path = "HomeWorkFor2.13Lesson(Wallet)/Storyboards/FundsTypeTableViewCell.swift"; sourceTree = SOURCE_ROOT; };
		0295D21F2892CA4500F31B38 /* HeaderFundsTypeTableViewCell.swift */ = {isa = PBXFileReference; lastKnownFileType = sourcecode.swift; path = HeaderFundsTypeTableViewCell.swift; sourceTree = "<group>"; };
		094E3C7F2895D24100C2E6E7 /* AddFundViewController.swift */ = {isa = PBXFileReference; lastKnownFileType = sourcecode.swift; path = AddFundViewController.swift; sourceTree = "<group>"; };
		096047A62891345000DCB67F /* FundDetails.storyboard */ = {isa = PBXFileReference; lastKnownFileType = file.storyboard; path = FundDetails.storyboard; sourceTree = "<group>"; };
		096047A928913C5B00DCB67F /* FundDetailsViewController.swift */ = {isa = PBXFileReference; lastKnownFileType = sourcecode.swift; path = FundDetailsViewController.swift; sourceTree = "<group>"; };
		096047AB2891421C00DCB67F /* DataStore.swift */ = {isa = PBXFileReference; lastKnownFileType = sourcecode.swift; path = DataStore.swift; sourceTree = "<group>"; };
		096047AE2891650100DCB67F /* GetFundsExtension.swift */ = {isa = PBXFileReference; lastKnownFileType = sourcecode.swift; path = GetFundsExtension.swift; sourceTree = "<group>"; };
		09D728F02893E630008D685B /* FundDetailsTableViewCell.swift */ = {isa = PBXFileReference; lastKnownFileType = sourcecode.swift; path = FundDetailsTableViewCell.swift; sourceTree = "<group>"; };
/* End PBXFileReference section */

/* Begin PBXFrameworksBuildPhase section */
		023B618B28911C92007D6BCD /* Frameworks */ = {
			isa = PBXFrameworksBuildPhase;
			buildActionMask = 2147483647;
			files = (
			);
			runOnlyForDeploymentPostprocessing = 0;
		};
/* End PBXFrameworksBuildPhase section */

/* Begin PBXGroup section */
		023B618528911C92007D6BCD = {
			isa = PBXGroup;
			children = (
				023B619028911C92007D6BCD /* HomeWorkFor2.13Lesson(Wallet) */,
				023B618F28911C92007D6BCD /* Products */,
			);
			sourceTree = "<group>";
		};
		023B618F28911C92007D6BCD /* Products */ = {
			isa = PBXGroup;
			children = (
				023B618E28911C92007D6BCD /* HomeWorkFor2.13Lesson(Wallet).app */,
			);
			name = Products;
			sourceTree = "<group>";
		};
		023B619028911C92007D6BCD /* HomeWorkFor2.13Lesson(Wallet) */ = {
			isa = PBXGroup;
			children = (
				096047AD289164DF00DCB67F /* Extensions */,
				096047A828913C1800DCB67F /* ViewControllers */,
				0295D2142891211300F31B38 /* Services */,
				0295D2132891210E00F31B38 /* Views */,
				0295D212289120FD00F31B38 /* Model */,
				0295D211289120D900F31B38 /* Storyboards */,
				023B61A528911C9D007D6BCD /* App */,
				0295D20F28911FE900F31B38 /* Controllers */,
				0295D2102891208A00F31B38 /* Resources */,
			);
			path = "HomeWorkFor2.13Lesson(Wallet)";
			sourceTree = "<group>";
		};
		023B61A528911C9D007D6BCD /* App */ = {
			isa = PBXGroup;
			children = (
				023B619128911C92007D6BCD /* AppDelegate.swift */,
				023B619328911C92007D6BCD /* SceneDelegate.swift */,
				023B619F28911C92007D6BCD /* Info.plist */,
			);
			path = App;
			sourceTree = "<group>";
		};
		0295D20F28911FE900F31B38 /* Controllers */ = {
			isa = PBXGroup;
			children = (
				023B619528911C92007D6BCD /* ViewController.swift */,
			);
			path = Controllers;
			sourceTree = "<group>";
		};
		0295D2102891208A00F31B38 /* Resources */ = {
			isa = PBXGroup;
			children = (
				023B619A28911C92007D6BCD /* Assets.xcassets */,
			);
			path = Resources;
			sourceTree = "<group>";
		};
		0295D211289120D900F31B38 /* Storyboards */ = {
			isa = PBXGroup;
			children = (
				023B619728911C92007D6BCD /* Main.storyboard */,
				096047A62891345000DCB67F /* FundDetails.storyboard */,
				023B619C28911C92007D6BCD /* LaunchScreen.storyboard */,
			);
			path = Storyboards;
			sourceTree = "<group>";
		};
		0295D212289120FD00F31B38 /* Model */ = {
			isa = PBXGroup;
			children = (
				0295D2152891244F00F31B38 /* Fund.swift */,
			);
			path = Model;
			sourceTree = "<group>";
		};
		0295D2132891210E00F31B38 /* Views */ = {
			isa = PBXGroup;
			children = (
				0295D21D28929B7800F31B38 /* FundsTypeTableViewCell.swift */,
				0295D21F2892CA4500F31B38 /* HeaderFundsTypeTableViewCell.swift */,
				09D728F02893E630008D685B /* FundDetailsTableViewCell.swift */,
			);
			path = Views;
			sourceTree = "<group>";
		};
		0295D2142891211300F31B38 /* Services */ = {
			isa = PBXGroup;
			children = (
				0295D21728912B4200F31B38 /* Converter.swift */,
				096047AB2891421C00DCB67F /* DataStore.swift */,
				0295D21928918C8600F31B38 /* MockFundsContainer.swift */,
			);
			path = Services;
			sourceTree = "<group>";
		};
		096047A828913C1800DCB67F /* ViewControllers */ = {
			isa = PBXGroup;
			children = (
				0295D21B28928F1B00F31B38 /* FundsOverviewViewController.swift */,
				096047A928913C5B00DCB67F /* FundDetailsViewController.swift */,
				094E3C7F2895D24100C2E6E7 /* AddFundViewController.swift */,
			);
			path = ViewControllers;
			sourceTree = "<group>";
		};
		096047AD289164DF00DCB67F /* Extensions */ = {
			isa = PBXGroup;
			children = (
				096047AE2891650100DCB67F /* GetFundsExtension.swift */,
				02652E852892D70C0073A241 /* ThousandsSeparatorExtension.swift */,
			);
			path = Extensions;
			sourceTree = "<group>";
		};
/* End PBXGroup section */

/* Begin PBXNativeTarget section */
		023B618D28911C92007D6BCD /* HomeWorkFor2.13Lesson(Wallet) */ = {
			isa = PBXNativeTarget;
			buildConfigurationList = 023B61A228911C92007D6BCD /* Build configuration list for PBXNativeTarget "HomeWorkFor2.13Lesson(Wallet)" */;
			buildPhases = (
				023B618A28911C92007D6BCD /* Sources */,
				023B618B28911C92007D6BCD /* Frameworks */,
				023B618C28911C92007D6BCD /* Resources */,
			);
			buildRules = (
			);
			dependencies = (
			);
			name = "HomeWorkFor2.13Lesson(Wallet)";
			productName = "HomeWorkFor2.13Lesson(Wallet)";
			productReference = 023B618E28911C92007D6BCD /* HomeWorkFor2.13Lesson(Wallet).app */;
			productType = "com.apple.product-type.application";
		};
/* End PBXNativeTarget section */

/* Begin PBXProject section */
		023B618628911C92007D6BCD /* Project object */ = {
			isa = PBXProject;
			attributes = {
				BuildIndependentTargetsInParallel = 1;
				LastSwiftUpdateCheck = 1340;
				LastUpgradeCheck = 1340;
				TargetAttributes = {
					023B618D28911C92007D6BCD = {
						CreatedOnToolsVersion = 13.4.1;
					};
				};
			};
			buildConfigurationList = 023B618928911C92007D6BCD /* Build configuration list for PBXProject "HomeWorkFor2.13Lesson(Wallet)" */;
			compatibilityVersion = "Xcode 13.0";
			developmentRegion = en;
			hasScannedForEncodings = 0;
			knownRegions = (
				en,
				Base,
			);
			mainGroup = 023B618528911C92007D6BCD;
			productRefGroup = 023B618F28911C92007D6BCD /* Products */;
			projectDirPath = "";
			projectRoot = "";
			targets = (
				023B618D28911C92007D6BCD /* HomeWorkFor2.13Lesson(Wallet) */,
			);
		};
/* End PBXProject section */

/* Begin PBXResourcesBuildPhase section */
		023B618C28911C92007D6BCD /* Resources */ = {
			isa = PBXResourcesBuildPhase;
			buildActionMask = 2147483647;
			files = (
				096047A72891345000DCB67F /* FundDetails.storyboard in Resources */,
				023B619E28911C92007D6BCD /* LaunchScreen.storyboard in Resources */,
				023B619B28911C92007D6BCD /* Assets.xcassets in Resources */,
				023B619928911C92007D6BCD /* Main.storyboard in Resources */,
			);
			runOnlyForDeploymentPostprocessing = 0;
		};
/* End PBXResourcesBuildPhase section */

/* Begin PBXSourcesBuildPhase section */
		023B618A28911C92007D6BCD /* Sources */ = {
			isa = PBXSourcesBuildPhase;
			buildActionMask = 2147483647;
			files = (
				096047AC2891421C00DCB67F /* DataStore.swift in Sources */,
				023B619628911C92007D6BCD /* ViewController.swift in Sources */,
				0295D21C28928F1B00F31B38 /* FundsOverviewViewController.swift in Sources */,
				02652E862892D70C0073A241 /* ThousandsSeparatorExtension.swift in Sources */,
				023B619228911C92007D6BCD /* AppDelegate.swift in Sources */,
				096047AA28913C5B00DCB67F /* FundDetailsViewController.swift in Sources */,
				0295D2162891244F00F31B38 /* Fund.swift in Sources */,
				023B619428911C92007D6BCD /* SceneDelegate.swift in Sources */,
				0295D21E28929B7800F31B38 /* FundsTypeTableViewCell.swift in Sources */,
				0295D21828912B4200F31B38 /* Converter.swift in Sources */,
				0295D21A28918C8600F31B38 /* MockFundsContainer.swift in Sources */,
				09D728F12893E630008D685B /* FundDetailsTableViewCell.swift in Sources */,
				094E3C802895D24100C2E6E7 /* AddFundViewController.swift in Sources */,
				096047AF2891650100DCB67F /* GetFundsExtension.swift in Sources */,
				0295D2202892CA4500F31B38 /* HeaderFundsTypeTableViewCell.swift in Sources */,
			);
			runOnlyForDeploymentPostprocessing = 0;
		};
/* End PBXSourcesBuildPhase section */

/* Begin PBXVariantGroup section */
		023B619728911C92007D6BCD /* Main.storyboard */ = {
			isa = PBXVariantGroup;
			children = (
				023B619828911C92007D6BCD /* Base */,
			);
			name = Main.storyboard;
			sourceTree = "<group>";
		};
		023B619C28911C92007D6BCD /* LaunchScreen.storyboard */ = {
			isa = PBXVariantGroup;
			children = (
				023B619D28911C92007D6BCD /* Base */,
			);
			name = LaunchScreen.storyboard;
			sourceTree = "<group>";
		};
/* End PBXVariantGroup section */

/* Begin XCBuildConfiguration section */
		023B61A028911C92007D6BCD /* Debug */ = {
			isa = XCBuildConfiguration;
			buildSettings = {
				ALWAYS_SEARCH_USER_PATHS = NO;
				CLANG_ANALYZER_NONNULL = YES;
				CLANG_ANALYZER_NUMBER_OBJECT_CONVERSION = YES_AGGRESSIVE;
				CLANG_CXX_LANGUAGE_STANDARD = "gnu++17";
				CLANG_ENABLE_MODULES = YES;
				CLANG_ENABLE_OBJC_ARC = YES;
				CLANG_ENABLE_OBJC_WEAK = YES;
				CLANG_WARN_BLOCK_CAPTURE_AUTORELEASING = YES;
				CLANG_WARN_BOOL_CONVERSION = YES;
				CLANG_WARN_COMMA = YES;
				CLANG_WARN_CONSTANT_CONVERSION = YES;
				CLANG_WARN_DEPRECATED_OBJC_IMPLEMENTATIONS = YES;
				CLANG_WARN_DIRECT_OBJC_ISA_USAGE = YES_ERROR;
				CLANG_WARN_DOCUMENTATION_COMMENTS = YES;
				CLANG_WARN_EMPTY_BODY = YES;
				CLANG_WARN_ENUM_CONVERSION = YES;
				CLANG_WARN_INFINITE_RECURSION = YES;
				CLANG_WARN_INT_CONVERSION = YES;
				CLANG_WARN_NON_LITERAL_NULL_CONVERSION = YES;
				CLANG_WARN_OBJC_IMPLICIT_RETAIN_SELF = YES;
				CLANG_WARN_OBJC_LITERAL_CONVERSION = YES;
				CLANG_WARN_OBJC_ROOT_CLASS = YES_ERROR;
				CLANG_WARN_QUOTED_INCLUDE_IN_FRAMEWORK_HEADER = YES;
				CLANG_WARN_RANGE_LOOP_ANALYSIS = YES;
				CLANG_WARN_STRICT_PROTOTYPES = YES;
				CLANG_WARN_SUSPICIOUS_MOVE = YES;
				CLANG_WARN_UNGUARDED_AVAILABILITY = YES_AGGRESSIVE;
				CLANG_WARN_UNREACHABLE_CODE = YES;
				CLANG_WARN__DUPLICATE_METHOD_MATCH = YES;
				COPY_PHASE_STRIP = NO;
				DEBUG_INFORMATION_FORMAT = dwarf;
				ENABLE_STRICT_OBJC_MSGSEND = YES;
				ENABLE_TESTABILITY = YES;
				GCC_C_LANGUAGE_STANDARD = gnu11;
				GCC_DYNAMIC_NO_PIC = NO;
				GCC_NO_COMMON_BLOCKS = YES;
				GCC_OPTIMIZATION_LEVEL = 0;
				GCC_PREPROCESSOR_DEFINITIONS = (
					"DEBUG=1",
					"$(inherited)",
				);
				GCC_WARN_64_TO_32_BIT_CONVERSION = YES;
				GCC_WARN_ABOUT_RETURN_TYPE = YES_ERROR;
				GCC_WARN_UNDECLARED_SELECTOR = YES;
				GCC_WARN_UNINITIALIZED_AUTOS = YES_AGGRESSIVE;
				GCC_WARN_UNUSED_FUNCTION = YES;
				GCC_WARN_UNUSED_VARIABLE = YES;
				IPHONEOS_DEPLOYMENT_TARGET = 15.5;
				MTL_ENABLE_DEBUG_INFO = INCLUDE_SOURCE;
				MTL_FAST_MATH = YES;
				ONLY_ACTIVE_ARCH = YES;
				SDKROOT = iphoneos;
				SWIFT_ACTIVE_COMPILATION_CONDITIONS = DEBUG;
				SWIFT_OPTIMIZATION_LEVEL = "-Onone";
			};
			name = Debug;
		};
		023B61A128911C92007D6BCD /* Release */ = {
			isa = XCBuildConfiguration;
			buildSettings = {
				ALWAYS_SEARCH_USER_PATHS = NO;
				CLANG_ANALYZER_NONNULL = YES;
				CLANG_ANALYZER_NUMBER_OBJECT_CONVERSION = YES_AGGRESSIVE;
				CLANG_CXX_LANGUAGE_STANDARD = "gnu++17";
				CLANG_ENABLE_MODULES = YES;
				CLANG_ENABLE_OBJC_ARC = YES;
				CLANG_ENABLE_OBJC_WEAK = YES;
				CLANG_WARN_BLOCK_CAPTURE_AUTORELEASING = YES;
				CLANG_WARN_BOOL_CONVERSION = YES;
				CLANG_WARN_COMMA = YES;
				CLANG_WARN_CONSTANT_CONVERSION = YES;
				CLANG_WARN_DEPRECATED_OBJC_IMPLEMENTATIONS = YES;
				CLANG_WARN_DIRECT_OBJC_ISA_USAGE = YES_ERROR;
				CLANG_WARN_DOCUMENTATION_COMMENTS = YES;
				CLANG_WARN_EMPTY_BODY = YES;
				CLANG_WARN_ENUM_CONVERSION = YES;
				CLANG_WARN_INFINITE_RECURSION = YES;
				CLANG_WARN_INT_CONVERSION = YES;
				CLANG_WARN_NON_LITERAL_NULL_CONVERSION = YES;
				CLANG_WARN_OBJC_IMPLICIT_RETAIN_SELF = YES;
				CLANG_WARN_OBJC_LITERAL_CONVERSION = YES;
				CLANG_WARN_OBJC_ROOT_CLASS = YES_ERROR;
				CLANG_WARN_QUOTED_INCLUDE_IN_FRAMEWORK_HEADER = YES;
				CLANG_WARN_RANGE_LOOP_ANALYSIS = YES;
				CLANG_WARN_STRICT_PROTOTYPES = YES;
				CLANG_WARN_SUSPICIOUS_MOVE = YES;
				CLANG_WARN_UNGUARDED_AVAILABILITY = YES_AGGRESSIVE;
				CLANG_WARN_UNREACHABLE_CODE = YES;
				CLANG_WARN__DUPLICATE_METHOD_MATCH = YES;
				COPY_PHASE_STRIP = NO;
				DEBUG_INFORMATION_FORMAT = "dwarf-with-dsym";
				ENABLE_NS_ASSERTIONS = NO;
				ENABLE_STRICT_OBJC_MSGSEND = YES;
				GCC_C_LANGUAGE_STANDARD = gnu11;
				GCC_NO_COMMON_BLOCKS = YES;
				GCC_WARN_64_TO_32_BIT_CONVERSION = YES;
				GCC_WARN_ABOUT_RETURN_TYPE = YES_ERROR;
				GCC_WARN_UNDECLARED_SELECTOR = YES;
				GCC_WARN_UNINITIALIZED_AUTOS = YES_AGGRESSIVE;
				GCC_WARN_UNUSED_FUNCTION = YES;
				GCC_WARN_UNUSED_VARIABLE = YES;
				IPHONEOS_DEPLOYMENT_TARGET = 15.5;
				MTL_ENABLE_DEBUG_INFO = NO;
				MTL_FAST_MATH = YES;
				SDKROOT = iphoneos;
				SWIFT_COMPILATION_MODE = wholemodule;
				SWIFT_OPTIMIZATION_LEVEL = "-O";
				VALIDATE_PRODUCT = YES;
			};
			name = Release;
		};
		023B61A328911C92007D6BCD /* Debug */ = {
			isa = XCBuildConfiguration;
			buildSettings = {
				ASSETCATALOG_COMPILER_APPICON_NAME = AppIcon;
				ASSETCATALOG_COMPILER_GLOBAL_ACCENT_COLOR_NAME = AccentColor;
				CODE_SIGN_STYLE = Automatic;
				CURRENT_PROJECT_VERSION = 1;
				DEVELOPMENT_TEAM = R82749YG66;
				GENERATE_INFOPLIST_FILE = YES;
				INFOPLIST_FILE = "HomeWorkFor2.13Lesson(Wallet)/App/Info.plist";
				INFOPLIST_KEY_UIApplicationSupportsIndirectInputEvents = YES;
				INFOPLIST_KEY_UILaunchStoryboardName = LaunchScreen;
				INFOPLIST_KEY_UIMainStoryboardFile = Main;
				INFOPLIST_KEY_UISupportedInterfaceOrientations_iPad = "UIInterfaceOrientationPortrait UIInterfaceOrientationPortraitUpsideDown UIInterfaceOrientationLandscapeLeft UIInterfaceOrientationLandscapeRight";
				INFOPLIST_KEY_UISupportedInterfaceOrientations_iPhone = "UIInterfaceOrientationPortrait UIInterfaceOrientationLandscapeLeft UIInterfaceOrientationLandscapeRight";
				LD_RUNPATH_SEARCH_PATHS = (
					"$(inherited)",
					"@executable_path/Frameworks",
				);
				MARKETING_VERSION = 1.0;
				PRODUCT_BUNDLE_IDENTIFIER = "sibe57.HomeWorkFor2-13Lesson-Wallet-";
				PRODUCT_NAME = "$(TARGET_NAME)";
				SWIFT_EMIT_LOC_STRINGS = YES;
				SWIFT_VERSION = 5.0;
				TARGETED_DEVICE_FAMILY = "1,2";
			};
			name = Debug;
		};
		023B61A428911C92007D6BCD /* Release */ = {
			isa = XCBuildConfiguration;
			buildSettings = {
				ASSETCATALOG_COMPILER_APPICON_NAME = AppIcon;
				ASSETCATALOG_COMPILER_GLOBAL_ACCENT_COLOR_NAME = AccentColor;
				CODE_SIGN_STYLE = Automatic;
				CURRENT_PROJECT_VERSION = 1;
				DEVELOPMENT_TEAM = R82749YG66;
				GENERATE_INFOPLIST_FILE = YES;
				INFOPLIST_FILE = "HomeWorkFor2.13Lesson(Wallet)/App/Info.plist";
				INFOPLIST_KEY_UIApplicationSupportsIndirectInputEvents = YES;
				INFOPLIST_KEY_UILaunchStoryboardName = LaunchScreen;
				INFOPLIST_KEY_UIMainStoryboardFile = Main;
				INFOPLIST_KEY_UISupportedInterfaceOrientations_iPad = "UIInterfaceOrientationPortrait UIInterfaceOrientationPortraitUpsideDown UIInterfaceOrientationLandscapeLeft UIInterfaceOrientationLandscapeRight";
				INFOPLIST_KEY_UISupportedInterfaceOrientations_iPhone = "UIInterfaceOrientationPortrait UIInterfaceOrientationLandscapeLeft UIInterfaceOrientationLandscapeRight";
				LD_RUNPATH_SEARCH_PATHS = (
					"$(inherited)",
					"@executable_path/Frameworks",
				);
				MARKETING_VERSION = 1.0;
				PRODUCT_BUNDLE_IDENTIFIER = "sibe57.HomeWorkFor2-13Lesson-Wallet-";
				PRODUCT_NAME = "$(TARGET_NAME)";
				SWIFT_EMIT_LOC_STRINGS = YES;
				SWIFT_VERSION = 5.0;
				TARGETED_DEVICE_FAMILY = "1,2";
			};
			name = Release;
		};
/* End XCBuildConfiguration section */

/* Begin XCConfigurationList section */
		023B618928911C92007D6BCD /* Build configuration list for PBXProject "HomeWorkFor2.13Lesson(Wallet)" */ = {
			isa = XCConfigurationList;
			buildConfigurations = (
				023B61A028911C92007D6BCD /* Debug */,
				023B61A128911C92007D6BCD /* Release */,
			);
			defaultConfigurationIsVisible = 0;
			defaultConfigurationName = Release;
		};
		023B61A228911C92007D6BCD /* Build configuration list for PBXNativeTarget "HomeWorkFor2.13Lesson(Wallet)" */ = {
			isa = XCConfigurationList;
			buildConfigurations = (
				023B61A328911C92007D6BCD /* Debug */,
				023B61A428911C92007D6BCD /* Release */,
			);
			defaultConfigurationIsVisible = 0;
			defaultConfigurationName = Release;
		};
/* End XCConfigurationList section */
	};
	rootObject = 023B618628911C92007D6BCD /* Project object */;
}
